// !$*UTF8*$!
{
	archiveVersion = 1;
	classes = {
	};
	objectVersion = 56;
	objects = {

/* Begin PBXBuildFile section */
		2320301E28D77074006A47A0 /* FirebaseAuth in Frameworks */ = {isa = PBXBuildFile; productRef = 2320301D28D77074006A47A0 /* FirebaseAuth */; };
		2320302028D77074006A47A0 /* FirebaseFirestore in Frameworks */ = {isa = PBXBuildFile; productRef = 2320301F28D77074006A47A0 /* FirebaseFirestore */; };
		2320302228D77074006A47A0 /* FirebaseStorage in Frameworks */ = {isa = PBXBuildFile; productRef = 2320302128D77074006A47A0 /* FirebaseStorage */; };
		2320302528D77649006A47A0 /* GoogleSignIn in Frameworks */ = {isa = PBXBuildFile; productRef = 2320302428D77649006A47A0 /* GoogleSignIn */; };
		2320302828D77727006A47A0 /* AuthenticationViewModel.swift in Sources */ = {isa = PBXBuildFile; fileRef = 2320302728D77727006A47A0 /* AuthenticationViewModel.swift */; };
		2320302A28D777BB006A47A0 /* ApplicationUtiliy.swift in Sources */ = {isa = PBXBuildFile; fileRef = 2320302928D777BB006A47A0 /* ApplicationUtiliy.swift */; };
		2320302C28D778F3006A47A0 /* Home.swift in Sources */ = {isa = PBXBuildFile; fileRef = 2320302B28D778F3006A47A0 /* Home.swift */; };
		236D9FE328D75A1600ECD8A0 /* GoogleService-Info.plist in Resources */ = {isa = PBXBuildFile; fileRef = 236D9FE228D75A1600ECD8A0 /* GoogleService-Info.plist */; };
		23B5CC3128D88A09008F3360 /* Categories.swift in Sources */ = {isa = PBXBuildFile; fileRef = 23B5CC3028D88A09008F3360 /* Categories.swift */; };
		23B5CC3328D88BE7008F3360 /* DataViewModel.swift in Sources */ = {isa = PBXBuildFile; fileRef = 23B5CC3228D88BE7008F3360 /* DataViewModel.swift */; };
		23DBC13128D66C3900FE8297 /* AuthenticationFlowWithPictureApp.swift in Sources */ = {isa = PBXBuildFile; fileRef = 23DBC13028D66C3900FE8297 /* AuthenticationFlowWithPictureApp.swift */; };
		23DBC13328D66C3900FE8297 /* ContentView.swift in Sources */ = {isa = PBXBuildFile; fileRef = 23DBC13228D66C3900FE8297 /* ContentView.swift */; };
		23DBC13528D66C3A00FE8297 /* Assets.xcassets in Resources */ = {isa = PBXBuildFile; fileRef = 23DBC13428D66C3A00FE8297 /* Assets.xcassets */; };
		23DBC13928D66C3A00FE8297 /* Preview Assets.xcassets in Resources */ = {isa = PBXBuildFile; fileRef = 23DBC13828D66C3A00FE8297 /* Preview Assets.xcassets */; };
		23DBC14528D66D6900FE8297 /* Onboarding.swift in Sources */ = {isa = PBXBuildFile; fileRef = 23DBC14428D66D6900FE8297 /* Onboarding.swift */; };
		23DBC14728D6725300FE8297 /* BigButtonFilled.swift in Sources */ = {isa = PBXBuildFile; fileRef = 23DBC14628D6725300FE8297 /* BigButtonFilled.swift */; };
		23DBC14928D672AB00FE8297 /* BigButtonStroked.swift in Sources */ = {isa = PBXBuildFile; fileRef = 23DBC14828D672AB00FE8297 /* BigButtonStroked.swift */; };
		23DBC14B28D6752D00FE8297 /* SignUp.swift in Sources */ = {isa = PBXBuildFile; fileRef = 23DBC14A28D6752D00FE8297 /* SignUp.swift */; };
		23DBC14D28D6759E00FE8297 /* IconButtonStroked.swift in Sources */ = {isa = PBXBuildFile; fileRef = 23DBC14C28D6759E00FE8297 /* IconButtonStroked.swift */; };
		23DBC14F28D6766A00FE8297 /* SignUpMethods.swift in Sources */ = {isa = PBXBuildFile; fileRef = 23DBC14E28D6766A00FE8297 /* SignUpMethods.swift */; };
/* End PBXBuildFile section */

/* Begin PBXFileReference section */
		2320302628D776EE006A47A0 /* Info.plist */ = {isa = PBXFileReference; lastKnownFileType = text.plist; path = Info.plist; sourceTree = "<group>"; };
		2320302728D77727006A47A0 /* AuthenticationViewModel.swift */ = {isa = PBXFileReference; lastKnownFileType = sourcecode.swift; path = AuthenticationViewModel.swift; sourceTree = "<group>"; };
		2320302928D777BB006A47A0 /* ApplicationUtiliy.swift */ = {isa = PBXFileReference; lastKnownFileType = sourcecode.swift; path = ApplicationUtiliy.swift; sourceTree = "<group>"; };
		2320302B28D778F3006A47A0 /* Home.swift */ = {isa = PBXFileReference; lastKnownFileType = sourcecode.swift; path = Home.swift; sourceTree = "<group>"; };
		236D9FE228D75A1600ECD8A0 /* GoogleService-Info.plist */ = {isa = PBXFileReference; fileEncoding = 4; lastKnownFileType = text.plist.xml; path = "GoogleService-Info.plist"; sourceTree = "<group>"; };
		23B5CC3028D88A09008F3360 /* Categories.swift */ = {isa = PBXFileReference; lastKnownFileType = sourcecode.swift; path = Categories.swift; sourceTree = "<group>"; };
		23B5CC3228D88BE7008F3360 /* DataViewModel.swift */ = {isa = PBXFileReference; lastKnownFileType = sourcecode.swift; path = DataViewModel.swift; sourceTree = "<group>"; };
		23DBC12D28D66C3900FE8297 /* AuthenticationFlowWithPicture.app */ = {isa = PBXFileReference; explicitFileType = wrapper.application; includeInIndex = 0; path = AuthenticationFlowWithPicture.app; sourceTree = BUILT_PRODUCTS_DIR; };
		23DBC13028D66C3900FE8297 /* AuthenticationFlowWithPictureApp.swift */ = {isa = PBXFileReference; lastKnownFileType = sourcecode.swift; path = AuthenticationFlowWithPictureApp.swift; sourceTree = "<group>"; };
		23DBC13228D66C3900FE8297 /* ContentView.swift */ = {isa = PBXFileReference; lastKnownFileType = sourcecode.swift; path = ContentView.swift; sourceTree = "<group>"; };
		23DBC13428D66C3A00FE8297 /* Assets.xcassets */ = {isa = PBXFileReference; lastKnownFileType = folder.assetcatalog; path = Assets.xcassets; sourceTree = "<group>"; };
		23DBC13628D66C3A00FE8297 /* AuthenticationFlowWithPicture.entitlements */ = {isa = PBXFileReference; lastKnownFileType = text.plist.entitlements; path = AuthenticationFlowWithPicture.entitlements; sourceTree = "<group>"; };
		23DBC13828D66C3A00FE8297 /* Preview Assets.xcassets */ = {isa = PBXFileReference; lastKnownFileType = folder.assetcatalog; path = "Preview Assets.xcassets"; sourceTree = "<group>"; };
		23DBC14428D66D6900FE8297 /* Onboarding.swift */ = {isa = PBXFileReference; lastKnownFileType = sourcecode.swift; path = Onboarding.swift; sourceTree = "<group>"; };
		23DBC14628D6725300FE8297 /* BigButtonFilled.swift */ = {isa = PBXFileReference; lastKnownFileType = sourcecode.swift; path = BigButtonFilled.swift; sourceTree = "<group>"; };
		23DBC14828D672AB00FE8297 /* BigButtonStroked.swift */ = {isa = PBXFileReference; lastKnownFileType = sourcecode.swift; path = BigButtonStroked.swift; sourceTree = "<group>"; };
		23DBC14A28D6752D00FE8297 /* SignUp.swift */ = {isa = PBXFileReference; lastKnownFileType = sourcecode.swift; path = SignUp.swift; sourceTree = "<group>"; };
		23DBC14C28D6759E00FE8297 /* IconButtonStroked.swift */ = {isa = PBXFileReference; lastKnownFileType = sourcecode.swift; path = IconButtonStroked.swift; sourceTree = "<group>"; };
		23DBC14E28D6766A00FE8297 /* SignUpMethods.swift */ = {isa = PBXFileReference; lastKnownFileType = sourcecode.swift; path = SignUpMethods.swift; sourceTree = "<group>"; };
/* End PBXFileReference section */

/* Begin PBXFrameworksBuildPhase section */
		23DBC12A28D66C3900FE8297 /* Frameworks */ = {
			isa = PBXFrameworksBuildPhase;
			buildActionMask = 2147483647;
			files = (
				2320301E28D77074006A47A0 /* FirebaseAuth in Frameworks */,
				2320302528D77649006A47A0 /* GoogleSignIn in Frameworks */,
				2320302028D77074006A47A0 /* FirebaseFirestore in Frameworks */,
				2320302228D77074006A47A0 /* FirebaseStorage in Frameworks */,
			);
			runOnlyForDeploymentPostprocessing = 0;
		};
/* End PBXFrameworksBuildPhase section */

/* Begin PBXGroup section */
		23DBC12428D66C3900FE8297 = {
			isa = PBXGroup;
			children = (
				23DBC12F28D66C3900FE8297 /* AuthenticationFlowWithPicture */,
				23DBC12E28D66C3900FE8297 /* Products */,
			);
			sourceTree = "<group>";
		};
		23DBC12E28D66C3900FE8297 /* Products */ = {
			isa = PBXGroup;
			children = (
				23DBC12D28D66C3900FE8297 /* AuthenticationFlowWithPicture.app */,
			);
			name = Products;
			sourceTree = "<group>";
		};
		23DBC12F28D66C3900FE8297 /* AuthenticationFlowWithPicture */ = {
			isa = PBXGroup;
			children = (
				2320302628D776EE006A47A0 /* Info.plist */,
				23DBC14328D66C7900FE8297 /* Service */,
				23DBC14228D66C7600FE8297 /* Components */,
				23DBC14128D66C7500FE8297 /* Model */,
				23DBC14028D66C7200FE8297 /* ViewModel */,
				23DBC13F28D66C6F00FE8297 /* View */,
				23DBC13028D66C3900FE8297 /* AuthenticationFlowWithPictureApp.swift */,
				23DBC13228D66C3900FE8297 /* ContentView.swift */,
				236D9FE228D75A1600ECD8A0 /* GoogleService-Info.plist */,
				23DBC13428D66C3A00FE8297 /* Assets.xcassets */,
				23DBC13628D66C3A00FE8297 /* AuthenticationFlowWithPicture.entitlements */,
				23DBC13728D66C3A00FE8297 /* Preview Content */,
			);
			path = AuthenticationFlowWithPicture;
			sourceTree = "<group>";
		};
		23DBC13728D66C3A00FE8297 /* Preview Content */ = {
			isa = PBXGroup;
			children = (
				23DBC13828D66C3A00FE8297 /* Preview Assets.xcassets */,
			);
			path = "Preview Content";
			sourceTree = "<group>";
		};
		23DBC13F28D66C6F00FE8297 /* View */ = {
			isa = PBXGroup;
			children = (
				23DBC14428D66D6900FE8297 /* Onboarding.swift */,
				23DBC14A28D6752D00FE8297 /* SignUp.swift */,
				2320302B28D778F3006A47A0 /* Home.swift */,
			);
			path = View;
			sourceTree = "<group>";
		};
		23DBC14028D66C7200FE8297 /* ViewModel */ = {
			isa = PBXGroup;
			children = (
				2320302728D77727006A47A0 /* AuthenticationViewModel.swift */,
				23B5CC3228D88BE7008F3360 /* DataViewModel.swift */,
			);
			path = ViewModel;
			sourceTree = "<group>";
		};
		23DBC14128D66C7500FE8297 /* Model */ = {
			isa = PBXGroup;
			children = (
				23DBC14E28D6766A00FE8297 /* SignUpMethods.swift */,
				23B5CC3028D88A09008F3360 /* Categories.swift */,
			);
			path = Model;
			sourceTree = "<group>";
		};
		23DBC14228D66C7600FE8297 /* Components */ = {
			isa = PBXGroup;
			children = (
				23DBC14628D6725300FE8297 /* BigButtonFilled.swift */,
				23DBC14828D672AB00FE8297 /* BigButtonStroked.swift */,
				23DBC14C28D6759E00FE8297 /* IconButtonStroked.swift */,
			);
			path = Components;
			sourceTree = "<group>";
		};
		23DBC14328D66C7900FE8297 /* Service */ = {
			isa = PBXGroup;
			children = (
				2320302928D777BB006A47A0 /* ApplicationUtiliy.swift */,
			);
			path = Service;
			sourceTree = "<group>";
		};
/* End PBXGroup section */

/* Begin PBXNativeTarget section */
		23DBC12C28D66C3900FE8297 /* AuthenticationFlowWithPicture */ = {
			isa = PBXNativeTarget;
			buildConfigurationList = 23DBC13C28D66C3A00FE8297 /* Build configuration list for PBXNativeTarget "AuthenticationFlowWithPicture" */;
			buildPhases = (
				23DBC12928D66C3900FE8297 /* Sources */,
				23DBC12A28D66C3900FE8297 /* Frameworks */,
				23DBC12B28D66C3900FE8297 /* Resources */,
			);
			buildRules = (
			);
			dependencies = (
			);
			name = AuthenticationFlowWithPicture;
			packageProductDependencies = (
				2320301D28D77074006A47A0 /* FirebaseAuth */,
				2320301F28D77074006A47A0 /* FirebaseFirestore */,
				2320302128D77074006A47A0 /* FirebaseStorage */,
				2320302428D77649006A47A0 /* GoogleSignIn */,
			);
			productName = AuthenticationFlowWithPicture;
			productReference = 23DBC12D28D66C3900FE8297 /* AuthenticationFlowWithPicture.app */;
			productType = "com.apple.product-type.application";
		};
/* End PBXNativeTarget section */

/* Begin PBXProject section */
		23DBC12528D66C3900FE8297 /* Project object */ = {
			isa = PBXProject;
			attributes = {
				BuildIndependentTargetsInParallel = 1;
				LastSwiftUpdateCheck = 1400;
				LastUpgradeCheck = 1400;
				TargetAttributes = {
					23DBC12C28D66C3900FE8297 = {
						CreatedOnToolsVersion = 14.0;
					};
				};
			};
			buildConfigurationList = 23DBC12828D66C3900FE8297 /* Build configuration list for PBXProject "AuthenticationFlowWithPicture" */;
			compatibilityVersion = "Xcode 14.0";
			developmentRegion = en;
			hasScannedForEncodings = 0;
			knownRegions = (
				en,
				Base,
			);
			mainGroup = 23DBC12428D66C3900FE8297;
			packageReferences = (
				2320301C28D77074006A47A0 /* XCRemoteSwiftPackageReference "firebase-ios-sdk" */,
				2320302328D77649006A47A0 /* XCRemoteSwiftPackageReference "GoogleSignIn-iOS" */,
			);
			productRefGroup = 23DBC12E28D66C3900FE8297 /* Products */;
			projectDirPath = "";
			projectRoot = "";
			targets = (
				23DBC12C28D66C3900FE8297 /* AuthenticationFlowWithPicture */,
			);
		};
/* End PBXProject section */

/* Begin PBXResourcesBuildPhase section */
		23DBC12B28D66C3900FE8297 /* Resources */ = {
			isa = PBXResourcesBuildPhase;
			buildActionMask = 2147483647;
			files = (
				23DBC13928D66C3A00FE8297 /* Preview Assets.xcassets in Resources */,
				23DBC13528D66C3A00FE8297 /* Assets.xcassets in Resources */,
				236D9FE328D75A1600ECD8A0 /* GoogleService-Info.plist in Resources */,
			);
			runOnlyForDeploymentPostprocessing = 0;
		};
/* End PBXResourcesBuildPhase section */

/* Begin PBXSourcesBuildPhase section */
		23DBC12928D66C3900FE8297 /* Sources */ = {
			isa = PBXSourcesBuildPhase;
			buildActionMask = 2147483647;
			files = (
				23DBC14F28D6766A00FE8297 /* SignUpMethods.swift in Sources */,
				23DBC14528D66D6900FE8297 /* Onboarding.swift in Sources */,
				2320302A28D777BB006A47A0 /* ApplicationUtiliy.swift in Sources */,
				2320302C28D778F3006A47A0 /* Home.swift in Sources */,
				23DBC14B28D6752D00FE8297 /* SignUp.swift in Sources */,
				23B5CC3128D88A09008F3360 /* Categories.swift in Sources */,
				23DBC13328D66C3900FE8297 /* ContentView.swift in Sources */,
				23DBC14928D672AB00FE8297 /* BigButtonStroked.swift in Sources */,
				23DBC14728D6725300FE8297 /* BigButtonFilled.swift in Sources */,
				2320302828D77727006A47A0 /* AuthenticationViewModel.swift in Sources */,
				23DBC13128D66C3900FE8297 /* AuthenticationFlowWithPictureApp.swift in Sources */,
				23DBC14D28D6759E00FE8297 /* IconButtonStroked.swift in Sources */,
				23B5CC3328D88BE7008F3360 /* DataViewModel.swift in Sources */,
			);
			runOnlyForDeploymentPostprocessing = 0;
		};
/* End PBXSourcesBuildPhase section */

/* Begin XCBuildConfiguration section */
		23DBC13A28D66C3A00FE8297 /* Debug */ = {
			isa = XCBuildConfiguration;
			buildSettings = {
				ALWAYS_SEARCH_USER_PATHS = NO;
				CLANG_ANALYZER_NONNULL = YES;
				CLANG_ANALYZER_NUMBER_OBJECT_CONVERSION = YES_AGGRESSIVE;
				CLANG_CXX_LANGUAGE_STANDARD = "gnu++20";
				CLANG_ENABLE_MODULES = YES;
				CLANG_ENABLE_OBJC_ARC = YES;
				CLANG_ENABLE_OBJC_WEAK = YES;
				CLANG_WARN_BLOCK_CAPTURE_AUTORELEASING = YES;
				CLANG_WARN_BOOL_CONVERSION = YES;
				CLANG_WARN_COMMA = YES;
				CLANG_WARN_CONSTANT_CONVERSION = YES;
				CLANG_WARN_DEPRECATED_OBJC_IMPLEMENTATIONS = YES;
				CLANG_WARN_DIRECT_OBJC_ISA_USAGE = YES_ERROR;
				CLANG_WARN_DOCUMENTATION_COMMENTS = YES;
				CLANG_WARN_EMPTY_BODY = YES;
				CLANG_WARN_ENUM_CONVERSION = YES;
				CLANG_WARN_INFINITE_RECURSION = YES;
				CLANG_WARN_INT_CONVERSION = YES;
				CLANG_WARN_NON_LITERAL_NULL_CONVERSION = YES;
				CLANG_WARN_OBJC_IMPLICIT_RETAIN_SELF = YES;
				CLANG_WARN_OBJC_LITERAL_CONVERSION = YES;
				CLANG_WARN_OBJC_ROOT_CLASS = YES_ERROR;
				CLANG_WARN_QUOTED_INCLUDE_IN_FRAMEWORK_HEADER = YES;
				CLANG_WARN_RANGE_LOOP_ANALYSIS = YES;
				CLANG_WARN_STRICT_PROTOTYPES = YES;
				CLANG_WARN_SUSPICIOUS_MOVE = YES;
				CLANG_WARN_UNGUARDED_AVAILABILITY = YES_AGGRESSIVE;
				CLANG_WARN_UNREACHABLE_CODE = YES;
				CLANG_WARN__DUPLICATE_METHOD_MATCH = YES;
				COPY_PHASE_STRIP = NO;
				DEBUG_INFORMATION_FORMAT = dwarf;
				ENABLE_STRICT_OBJC_MSGSEND = YES;
				ENABLE_TESTABILITY = YES;
				GCC_C_LANGUAGE_STANDARD = gnu11;
				GCC_DYNAMIC_NO_PIC = NO;
				GCC_NO_COMMON_BLOCKS = YES;
				GCC_OPTIMIZATION_LEVEL = 0;
				GCC_PREPROCESSOR_DEFINITIONS = (
					"DEBUG=1",
					"$(inherited)",
				);
				GCC_WARN_64_TO_32_BIT_CONVERSION = YES;
				GCC_WARN_ABOUT_RETURN_TYPE = YES_ERROR;
				GCC_WARN_UNDECLARED_SELECTOR = YES;
				GCC_WARN_UNINITIALIZED_AUTOS = YES_AGGRESSIVE;
				GCC_WARN_UNUSED_FUNCTION = YES;
				GCC_WARN_UNUSED_VARIABLE = YES;
				MTL_ENABLE_DEBUG_INFO = INCLUDE_SOURCE;
				MTL_FAST_MATH = YES;
				ONLY_ACTIVE_ARCH = YES;
				SWIFT_ACTIVE_COMPILATION_CONDITIONS = DEBUG;
				SWIFT_OPTIMIZATION_LEVEL = "-Onone";
			};
			name = Debug;
		};
		23DBC13B28D66C3A00FE8297 /* Release */ = {
			isa = XCBuildConfiguration;
			buildSettings = {
				ALWAYS_SEARCH_USER_PATHS = NO;
				CLANG_ANALYZER_NONNULL = YES;
				CLANG_ANALYZER_NUMBER_OBJECT_CONVERSION = YES_AGGRESSIVE;
				CLANG_CXX_LANGUAGE_STANDARD = "gnu++20";
				CLANG_ENABLE_MODULES = YES;
				CLANG_ENABLE_OBJC_ARC = YES;
				CLANG_ENABLE_OBJC_WEAK = YES;
				CLANG_WARN_BLOCK_CAPTURE_AUTORELEASING = YES;
				CLANG_WARN_BOOL_CONVERSION = YES;
				CLANG_WARN_COMMA = YES;
				CLANG_WARN_CONSTANT_CONVERSION = YES;
				CLANG_WARN_DEPRECATED_OBJC_IMPLEMENTATIONS = YES;
				CLANG_WARN_DIRECT_OBJC_ISA_USAGE = YES_ERROR;
				CLANG_WARN_DOCUMENTATION_COMMENTS = YES;
				CLANG_WARN_EMPTY_BODY = YES;
				CLANG_WARN_ENUM_CONVERSION = YES;
				CLANG_WARN_INFINITE_RECURSION = YES;
				CLANG_WARN_INT_CONVERSION = YES;
				CLANG_WARN_NON_LITERAL_NULL_CONVERSION = YES;
				CLANG_WARN_OBJC_IMPLICIT_RETAIN_SELF = YES;
				CLANG_WARN_OBJC_LITERAL_CONVERSION = YES;
				CLANG_WARN_OBJC_ROOT_CLASS = YES_ERROR;
				CLANG_WARN_QUOTED_INCLUDE_IN_FRAMEWORK_HEADER = YES;
				CLANG_WARN_RANGE_LOOP_ANALYSIS = YES;
				CLANG_WARN_STRICT_PROTOTYPES = YES;
				CLANG_WARN_SUSPICIOUS_MOVE = YES;
				CLANG_WARN_UNGUARDED_AVAILABILITY = YES_AGGRESSIVE;
				CLANG_WARN_UNREACHABLE_CODE = YES;
				CLANG_WARN__DUPLICATE_METHOD_MATCH = YES;
				COPY_PHASE_STRIP = NO;
				DEBUG_INFORMATION_FORMAT = "dwarf-with-dsym";
				ENABLE_NS_ASSERTIONS = NO;
				ENABLE_STRICT_OBJC_MSGSEND = YES;
				GCC_C_LANGUAGE_STANDARD = gnu11;
				GCC_NO_COMMON_BLOCKS = YES;
				GCC_WARN_64_TO_32_BIT_CONVERSION = YES;
				GCC_WARN_ABOUT_RETURN_TYPE = YES_ERROR;
				GCC_WARN_UNDECLARED_SELECTOR = YES;
				GCC_WARN_UNINITIALIZED_AUTOS = YES_AGGRESSIVE;
				GCC_WARN_UNUSED_FUNCTION = YES;
				GCC_WARN_UNUSED_VARIABLE = YES;
				MTL_ENABLE_DEBUG_INFO = NO;
				MTL_FAST_MATH = YES;
				SWIFT_COMPILATION_MODE = wholemodule;
				SWIFT_OPTIMIZATION_LEVEL = "-O";
			};
			name = Release;
		};
		23DBC13D28D66C3A00FE8297 /* Debug */ = {
			isa = XCBuildConfiguration;
			buildSettings = {
				ASSETCATALOG_COMPILER_APPICON_NAME = AppIcon;
				ASSETCATALOG_COMPILER_GLOBAL_ACCENT_COLOR_NAME = AccentColor;
				CODE_SIGN_ENTITLEMENTS = AuthenticationFlowWithPicture/AuthenticationFlowWithPicture.entitlements;
				CODE_SIGN_STYLE = Automatic;
				CURRENT_PROJECT_VERSION = 1;
				DEVELOPMENT_ASSET_PATHS = "\"AuthenticationFlowWithPicture/Preview Content\"";
				DEVELOPMENT_TEAM = 62693BZN4B;
				ENABLE_HARDENED_RUNTIME = YES;
				ENABLE_PREVIEWS = YES;
				GENERATE_INFOPLIST_FILE = YES;
				INFOPLIST_FILE = AuthenticationFlowWithPicture/Info.plist;
				"INFOPLIST_KEY_UIApplicationSceneManifest_Generation[sdk=iphoneos*]" = YES;
				"INFOPLIST_KEY_UIApplicationSceneManifest_Generation[sdk=iphonesimulator*]" = YES;
				"INFOPLIST_KEY_UIApplicationSupportsIndirectInputEvents[sdk=iphoneos*]" = YES;
				"INFOPLIST_KEY_UIApplicationSupportsIndirectInputEvents[sdk=iphonesimulator*]" = YES;
				"INFOPLIST_KEY_UILaunchScreen_Generation[sdk=iphoneos*]" = YES;
				"INFOPLIST_KEY_UILaunchScreen_Generation[sdk=iphonesimulator*]" = YES;
				"INFOPLIST_KEY_UIStatusBarStyle[sdk=iphoneos*]" = UIStatusBarStyleDefault;
				"INFOPLIST_KEY_UIStatusBarStyle[sdk=iphonesimulator*]" = UIStatusBarStyleDefault;
				INFOPLIST_KEY_UISupportedInterfaceOrientations_iPad = "UIInterfaceOrientationPortrait UIInterfaceOrientationPortraitUpsideDown UIInterfaceOrientationLandscapeLeft UIInterfaceOrientationLandscapeRight";
				INFOPLIST_KEY_UISupportedInterfaceOrientations_iPhone = "UIInterfaceOrientationPortrait UIInterfaceOrientationLandscapeLeft UIInterfaceOrientationLandscapeRight";
				IPHONEOS_DEPLOYMENT_TARGET = 16.0;
				LD_RUNPATH_SEARCH_PATHS = "@executable_path/Frameworks";
				"LD_RUNPATH_SEARCH_PATHS[sdk=macosx*]" = "@executable_path/../Frameworks";
				MACOSX_DEPLOYMENT_TARGET = 12.3;
				MARKETING_VERSION = 1.0;
				PRODUCT_BUNDLE_IDENTIFIER = berkaydisli.AuthenticationFlowWithPicture;
				PRODUCT_NAME = "$(TARGET_NAME)";
				SDKROOT = auto;
				SUPPORTED_PLATFORMS = "iphoneos iphonesimulator macosx";
				SWIFT_EMIT_LOC_STRINGS = YES;
				SWIFT_VERSION = 5.0;
				TARGETED_DEVICE_FAMILY = "1,2";
			};
			name = Debug;
		};
		23DBC13E28D66C3A00FE8297 /* Release */ = {
			isa = XCBuildConfiguration;
			buildSettings = {
				ASSETCATALOG_COMPILER_APPICON_NAME = AppIcon;
				ASSETCATALOG_COMPILER_GLOBAL_ACCENT_COLOR_NAME = AccentColor;
				CODE_SIGN_ENTITLEMENTS = AuthenticationFlowWithPicture/AuthenticationFlowWithPicture.entitlements;
				CODE_SIGN_STYLE = Automatic;
				CURRENT_PROJECT_VERSION = 1;
				DEVELOPMENT_ASSET_PATHS = "\"AuthenticationFlowWithPicture/Preview Content\"";
				DEVELOPMENT_TEAM = 62693BZN4B;
				ENABLE_HARDENED_RUNTIME = YES;
				ENABLE_PREVIEWS = YES;
				GENERATE_INFOPLIST_FILE = YES;
				INFOPLIST_FILE = AuthenticationFlowWithPicture/Info.plist;
				"INFOPLIST_KEY_UIApplicationSceneManifest_Generation[sdk=iphoneos*]" = YES;
				"INFOPLIST_KEY_UIApplicationSceneManifest_Generation[sdk=iphonesimulator*]" = YES;
				"INFOPLIST_KEY_UIApplicationSupportsIndirectInputEvents[sdk=iphoneos*]" = YES;
				"INFOPLIST_KEY_UIApplicationSupportsIndirectInputEvents[sdk=iphonesimulator*]" = YES;
				"INFOPLIST_KEY_UILaunchScreen_Generation[sdk=iphoneos*]" = YES;
				"INFOPLIST_KEY_UILaunchScreen_Generation[sdk=iphonesimulator*]" = YES;
				"INFOPLIST_KEY_UIStatusBarStyle[sdk=iphoneos*]" = UIStatusBarStyleDefault;
				"INFOPLIST_KEY_UIStatusBarStyle[sdk=iphonesimulator*]" = UIStatusBarStyleDefault;
				INFOPLIST_KEY_UISupportedInterfaceOrientations_iPad = "UIInterfaceOrientationPortrait UIInterfaceOrientationPortraitUpsideDown UIInterfaceOrientationLandscapeLeft UIInterfaceOrientationLandscapeRight";
				INFOPLIST_KEY_UISupportedInterfaceOrientations_iPhone = "UIInterfaceOrientationPortrait UIInterfaceOrientationLandscapeLeft UIInterfaceOrientationLandscapeRight";
				IPHONEOS_DEPLOYMENT_TARGET = 16.0;
				LD_RUNPATH_SEARCH_PATHS = "@executable_path/Frameworks";
				"LD_RUNPATH_SEARCH_PATHS[sdk=macosx*]" = "@executable_path/../Frameworks";
				MACOSX_DEPLOYMENT_TARGET = 12.3;
				MARKETING_VERSION = 1.0;
				PRODUCT_BUNDLE_IDENTIFIER = berkaydisli.AuthenticationFlowWithPicture;
				PRODUCT_NAME = "$(TARGET_NAME)";
				SDKROOT = auto;
				SUPPORTED_PLATFORMS = "iphoneos iphonesimulator macosx";
				SWIFT_EMIT_LOC_STRINGS = YES;
				SWIFT_VERSION = 5.0;
				TARGETED_DEVICE_FAMILY = "1,2";
			};
			name = Release;
		};
/* End XCBuildConfiguration section */

/* Begin XCConfigurationList section */
		23DBC12828D66C3900FE8297 /* Build configuration list for PBXProject "AuthenticationFlowWithPicture" */ = {
			isa = XCConfigurationList;
			buildConfigurations = (
				23DBC13A28D66C3A00FE8297 /* Debug */,
				23DBC13B28D66C3A00FE8297 /* Release */,
			);
			defaultConfigurationIsVisible = 0;
			defaultConfigurationName = Release;
		};
		23DBC13C28D66C3A00FE8297 /* Build configuration list for PBXNativeTarget "AuthenticationFlowWithPicture" */ = {
			isa = XCConfigurationList;
			buildConfigurations = (
				23DBC13D28D66C3A00FE8297 /* Debug */,
				23DBC13E28D66C3A00FE8297 /* Release */,
			);
			defaultConfigurationIsVisible = 0;
			defaultConfigurationName = Release;
		};
/* End XCConfigurationList section */

/* Begin XCRemoteSwiftPackageReference section */
		2320301C28D77074006A47A0 /* XCRemoteSwiftPackageReference "firebase-ios-sdk" */ = {
			isa = XCRemoteSwiftPackageReference;
			repositoryURL = "https://github.com/firebase/firebase-ios-sdk.git";
			requirement = {
				kind = upToNextMajorVersion;
				minimumVersion = 9.0.0;
			};
		};
		2320302328D77649006A47A0 /* XCRemoteSwiftPackageReference "GoogleSignIn-iOS" */ = {
			isa = XCRemoteSwiftPackageReference;
			repositoryURL = "https://github.com/google/GoogleSignIn-iOS";
			requirement = {
				kind = upToNextMajorVersion;
				minimumVersion = 6.0.0;
			};
		};
/* End XCRemoteSwiftPackageReference section */

/* Begin XCSwiftPackageProductDependency section */
		2320301D28D77074006A47A0 /* FirebaseAuth */ = {
			isa = XCSwiftPackageProductDependency;
			package = 2320301C28D77074006A47A0 /* XCRemoteSwiftPackageReference "firebase-ios-sdk" */;
			productName = FirebaseAuth;
		};
		2320301F28D77074006A47A0 /* FirebaseFirestore */ = {
			isa = XCSwiftPackageProductDependency;
			package = 2320301C28D77074006A47A0 /* XCRemoteSwiftPackageReference "firebase-ios-sdk" */;
			productName = FirebaseFirestore;
		};
		2320302128D77074006A47A0 /* FirebaseStorage */ = {
			isa = XCSwiftPackageProductDependency;
			package = 2320301C28D77074006A47A0 /* XCRemoteSwiftPackageReference "firebase-ios-sdk" */;
			productName = FirebaseStorage;
		};
		2320302428D77649006A47A0 /* GoogleSignIn */ = {
			isa = XCSwiftPackageProductDependency;
			package = 2320302328D77649006A47A0 /* XCRemoteSwiftPackageReference "GoogleSignIn-iOS" */;
			productName = GoogleSignIn;
		};
/* End XCSwiftPackageProductDependency section */
	};
	rootObject = 23DBC12528D66C3900FE8297 /* Project object */;
}
